
Microsoft Visual Studio Solution File, Format Version 12.00
# Visual Studio Version 17
VisualStudioVersion = 17.9.34622.214
MinimumVisualStudioVersion = 10.0.40219.1
Project("{FAE04EC0-301F-11D3-BF4B-00C04F79EFBC}") = "keystroke-backend-over-asp", "keystroke-backend-over-asp\keystroke-backend-over-asp.csproj", "{D721C987-726D-47F0-8349-D82BC40E65C8}"
EndProject
Global
	GlobalSection(SolutionConfigurationPlatforms) = preSolution
		Debug|Any CPU = Debug|Any CPU
		Release|Any CPU = Release|Any CPU
	EndGlobalSection
	GlobalSection(ProjectConfigurationPlatforms) = postSolution
		{D721C987-726D-47F0-8349-D82BC40E65C8}.Debug|Any CPU.ActiveCfg = Debug|Any CPU
		{D721C987-726D-47F0-8349-D82BC40E65C8}.Debug|Any CPU.Build.0 = Debug|Any CPU
		{D721C987-726D-47F0-8349-D82BC40E65C8}.Release|Any CPU.ActiveCfg = Release|Any CPU
		{D721C987-726D-47F0-8349-D82BC40E65C8}.Release|Any CPU.Build.0 = Release|Any CPU
	EndGlobalSection
	GlobalSection(SolutionProperties) = preSolution
		HideSolutionNode = FALSE
	EndGlobalSection
	GlobalSection(ExtensibilityGlobals) = postSolution
		SolutionGuid = {44EC7BF5-BE59-4011-8E8A-54798A23C51F}
	EndGlobalSection
EndGlobal
